# This file was autogenerated by Stack.
# You should not edit this file by hand.
# For more information, please see the documentation at:
#   https://docs.haskellstack.org/en/stable/lock_files

packages: []
snapshots:
- completed:
    sha256: b3858b16720f396d01605a014104be44fd7f3ca2c9c7b0762506b87b78ce526d
    size: 680777
    url: https://raw.githubusercontent.com/commercialhaskell/stackage-snapshots/master/lts/23/6.yaml
  original: lts-23.6
