# This file was autogenerated by Stack.
# You should not edit this file by hand.
# For more information, please see the documentation at:
#   https://docs.haskellstack.org/en/stable/lock_files

packages: []
snapshots:
- completed:
    size: 423848
    url: https://raw.githubusercontent.com/commercialhaskell/stackage-snapshots/master/lts/6/9.yaml
    sha256: a1c1670b9a253a56c156fcbc203c2bb65bb335513d7aad97be619b620189f121
  original: lts-6.9
